
Microsoft Visual Studio Solution File, Format Version 12.00
# Visual Studio Version 17
VisualStudioVersion = 17.9.34723.18
MinimumVisualStudioVersion = 10.0.40219.1
Project("{9A19103F-16F7-4668-BE54-9A1E7A4F7556}") = "Senhoritah.API", "Senhoritah.API\Senhoritah.API.csproj", "{C68E674C-ADE6-42EB-B0AC-BCA75219129C}"
EndProject
Project("{9A19103F-16F7-4668-BE54-9A1E7A4F7556}") = "APP", "APP\APP.csproj", "{A2E90D0C-34A0-4B08-88BC-4543FA7E2B95}"
EndProject
Global
	GlobalSection(SolutionConfigurationPlatforms) = preSolution
		Debug|Any CPU = Debug|Any CPU
		Release|Any CPU = Release|Any CPU
	EndGlobalSection
	GlobalSection(ProjectConfigurationPlatforms) = postSolution
		{C68E674C-ADE6-42EB-B0AC-BCA75219129C}.Debug|Any CPU.ActiveCfg = Debug|Any CPU
		{C68E674C-ADE6-42EB-B0AC-BCA75219129C}.Debug|Any CPU.Build.0 = Debug|Any CPU
		{C68E674C-ADE6-42EB-B0AC-BCA75219129C}.Release|Any CPU.ActiveCfg = Release|Any CPU
		{C68E674C-ADE6-42EB-B0AC-BCA75219129C}.Release|Any CPU.Build.0 = Release|Any CPU
		{A2E90D0C-34A0-4B08-88BC-4543FA7E2B95}.Debug|Any CPU.ActiveCfg = Debug|Any CPU
		{A2E90D0C-34A0-4B08-88BC-4543FA7E2B95}.Debug|Any CPU.Build.0 = Debug|Any CPU
		{A2E90D0C-34A0-4B08-88BC-4543FA7E2B95}.Release|Any CPU.ActiveCfg = Release|Any CPU
		{A2E90D0C-34A0-4B08-88BC-4543FA7E2B95}.Release|Any CPU.Build.0 = Release|Any CPU
	EndGlobalSection
	GlobalSection(SolutionProperties) = preSolution
		HideSolutionNode = FALSE
	EndGlobalSection
	GlobalSection(ExtensibilityGlobals) = postSolution
		SolutionGuid = {602EEF7F-E741-47BF-ACC7-F7BC30EC5FCF}
	EndGlobalSection
EndGlobal
